// !$*UTF8*$!
{
	archiveVersion = 1;
	classes = {
	};
	objectVersion = 50;
	objects = {

/* Begin PBXBuildFile section */
		9F62ED6325A3B34B0046772C /* ShopApp.swift in Sources */ = {isa = PBXBuildFile; fileRef = 9F62ED6225A3B34B0046772C /* ShopApp.swift */; };
		9F62ED6525A3B34B0046772C /* ContentView.swift in Sources */ = {isa = PBXBuildFile; fileRef = 9F62ED6425A3B34B0046772C /* ContentView.swift */; };
		9F62ED6725A3B34C0046772C /* Assets.xcassets in Resources */ = {isa = PBXBuildFile; fileRef = 9F62ED6625A3B34C0046772C /* Assets.xcassets */; };
		9F62ED6A25A3B34C0046772C /* Preview Assets.xcassets in Resources */ = {isa = PBXBuildFile; fileRef = 9F62ED6925A3B34C0046772C /* Preview Assets.xcassets */; };
		9F62ED7325A3B35D0046772C /* Model.swift in Sources */ = {isa = PBXBuildFile; fileRef = 9F62ED7225A3B35D0046772C /* Model.swift */; };
		9F62ED7925A3B3C20046772C /* mi.jpg in Resources */ = {isa = PBXBuildFile; fileRef = 9F62ED7525A3B3C20046772C /* mi.jpg */; };
		9F62ED7A25A3B3C20046772C /* b.jpg in Resources */ = {isa = PBXBuildFile; fileRef = 9F62ED7625A3B3C20046772C /* b.jpg */; };
		9F62ED7B25A3B3C20046772C /* c.jpg in Resources */ = {isa = PBXBuildFile; fileRef = 9F62ED7725A3B3C20046772C /* c.jpg */; };
		9F62ED7C25A3B3C20046772C /* m.jpg in Resources */ = {isa = PBXBuildFile; fileRef = 9F62ED7825A3B3C20046772C /* m.jpg */; };
		9F62ED7F25A3C0D10046772C /* InfoView.swift in Sources */ = {isa = PBXBuildFile; fileRef = 9F62ED7E25A3C0D10046772C /* InfoView.swift */; };
/* End PBXBuildFile section */

/* Begin PBXFileReference section */
		9F62ED5F25A3B34B0046772C /* Shop.app */ = {isa = PBXFileReference; explicitFileType = wrapper.application; includeInIndex = 0; path = Shop.app; sourceTree = BUILT_PRODUCTS_DIR; };
		9F62ED6225A3B34B0046772C /* ShopApp.swift */ = {isa = PBXFileReference; lastKnownFileType = sourcecode.swift; path = ShopApp.swift; sourceTree = "<group>"; };
		9F62ED6425A3B34B0046772C /* ContentView.swift */ = {isa = PBXFileReference; lastKnownFileType = sourcecode.swift; path = ContentView.swift; sourceTree = "<group>"; };
		9F62ED6625A3B34C0046772C /* Assets.xcassets */ = {isa = PBXFileReference; lastKnownFileType = folder.assetcatalog; path = Assets.xcassets; sourceTree = "<group>"; };
		9F62ED6925A3B34C0046772C /* Preview Assets.xcassets */ = {isa = PBXFileReference; lastKnownFileType = folder.assetcatalog; path = "Preview Assets.xcassets"; sourceTree = "<group>"; };
		9F62ED6B25A3B34C0046772C /* Info.plist */ = {isa = PBXFileReference; lastKnownFileType = text.plist.xml; path = Info.plist; sourceTree = "<group>"; };
		9F62ED7225A3B35D0046772C /* Model.swift */ = {isa = PBXFileReference; lastKnownFileType = sourcecode.swift; path = Model.swift; sourceTree = "<group>"; };
		9F62ED7525A3B3C20046772C /* mi.jpg */ = {isa = PBXFileReference; lastKnownFileType = image.jpeg; name = mi.jpg; path = ../../../Desktop/mi.jpg; sourceTree = "<group>"; };
		9F62ED7625A3B3C20046772C /* b.jpg */ = {isa = PBXFileReference; lastKnownFileType = image.jpeg; name = b.jpg; path = ../../../Desktop/b.jpg; sourceTree = "<group>"; };
		9F62ED7725A3B3C20046772C /* c.jpg */ = {isa = PBXFileReference; lastKnownFileType = image.jpeg; name = c.jpg; path = ../../../Desktop/c.jpg; sourceTree = "<group>"; };
		9F62ED7825A3B3C20046772C /* m.jpg */ = {isa = PBXFileReference; lastKnownFileType = image.jpeg; name = m.jpg; path = ../../../Desktop/m.jpg; sourceTree = "<group>"; };
		9F62ED7E25A3C0D10046772C /* InfoView.swift */ = {isa = PBXFileReference; lastKnownFileType = sourcecode.swift; path = InfoView.swift; sourceTree = "<group>"; };
		9F62ED8125A3C6450046772C /* Configuration.storekit */ = {isa = PBXFileReference; lastKnownFileType = text; path = Configuration.storekit; sourceTree = "<group>"; };
/* End PBXFileReference section */

/* Begin PBXFrameworksBuildPhase section */
		9F62ED5C25A3B34B0046772C /* Frameworks */ = {
			isa = PBXFrameworksBuildPhase;
			buildActionMask = 2147483647;
			files = (
			);
			runOnlyForDeploymentPostprocessing = 0;
		};
/* End PBXFrameworksBuildPhase section */

/* Begin PBXGroup section */
		9F62ED5625A3B34B0046772C = {
			isa = PBXGroup;
			children = (
				9F62ED6125A3B34B0046772C /* Shop */,
				9F62ED6025A3B34B0046772C /* Products */,
			);
			sourceTree = "<group>";
		};
		9F62ED6025A3B34B0046772C /* Products */ = {
			isa = PBXGroup;
			children = (
				9F62ED5F25A3B34B0046772C /* Shop.app */,
			);
			name = Products;
			sourceTree = "<group>";
		};
		9F62ED6125A3B34B0046772C /* Shop */ = {
			isa = PBXGroup;
			children = (
				9F62ED6225A3B34B0046772C /* ShopApp.swift */,
				9F62ED6425A3B34B0046772C /* ContentView.swift */,
				9F62ED7E25A3C0D10046772C /* InfoView.swift */,
				9F62ED8125A3C6450046772C /* Configuration.storekit */,
				9F62ED7625A3B3C20046772C /* b.jpg */,
				9F62ED7725A3B3C20046772C /* c.jpg */,
				9F62ED7825A3B3C20046772C /* m.jpg */,
				9F62ED7525A3B3C20046772C /* mi.jpg */,
				9F62ED7225A3B35D0046772C /* Model.swift */,
				9F62ED6625A3B34C0046772C /* Assets.xcassets */,
				9F62ED6B25A3B34C0046772C /* Info.plist */,
				9F62ED6825A3B34C0046772C /* Preview Content */,
			);
			path = Shop;
			sourceTree = "<group>";
		};
		9F62ED6825A3B34C0046772C /* Preview Content */ = {
			isa = PBXGroup;
			children = (
				9F62ED6925A3B34C0046772C /* Preview Assets.xcassets */,
			);
			path = "Preview Content";
			sourceTree = "<group>";
		};
/* End PBXGroup section */

/* Begin PBXNativeTarget section */
		9F62ED5E25A3B34B0046772C /* Shop */ = {
			isa = PBXNativeTarget;
			buildConfigurationList = 9F62ED6E25A3B34C0046772C /* Build configuration list for PBXNativeTarget "Shop" */;
			buildPhases = (
				9F62ED5B25A3B34B0046772C /* Sources */,
				9F62ED5C25A3B34B0046772C /* Frameworks */,
				9F62ED5D25A3B34B0046772C /* Resources */,
			);
			buildRules = (
			);
			dependencies = (
			);
			name = Shop;
			productName = Shop;
			productReference = 9F62ED5F25A3B34B0046772C /* Shop.app */;
			productType = "com.apple.product-type.application";
		};
/* End PBXNativeTarget section */

/* Begin PBXProject section */
		9F62ED5725A3B34B0046772C /* Project object */ = {
			isa = PBXProject;
			attributes = {
				LastSwiftUpdateCheck = 1220;
				LastUpgradeCheck = 1220;
				TargetAttributes = {
					9F62ED5E25A3B34B0046772C = {
						CreatedOnToolsVersion = 12.2;
					};
				};
			};
			buildConfigurationList = 9F62ED5A25A3B34B0046772C /* Build configuration list for PBXProject "Shop" */;
			compatibilityVersion = "Xcode 9.3";
			developmentRegion = en;
			hasScannedForEncodings = 0;
			knownRegions = (
				en,
				Base,
			);
			mainGroup = 9F62ED5625A3B34B0046772C;
			productRefGroup = 9F62ED6025A3B34B0046772C /* Products */;
			projectDirPath = "";
			projectRoot = "";
			targets = (
				9F62ED5E25A3B34B0046772C /* Shop */,
			);
		};
/* End PBXProject section */

/* Begin PBXResourcesBuildPhase section */
		9F62ED5D25A3B34B0046772C /* Resources */ = {
			isa = PBXResourcesBuildPhase;
			buildActionMask = 2147483647;
			files = (
				9F62ED6A25A3B34C0046772C /* Preview Assets.xcassets in Resources */,
				9F62ED7925A3B3C20046772C /* mi.jpg in Resources */,
				9F62ED7A25A3B3C20046772C /* b.jpg in Resources */,
				9F62ED7C25A3B3C20046772C /* m.jpg in Resources */,
				9F62ED6725A3B34C0046772C /* Assets.xcassets in Resources */,
				9F62ED7B25A3B3C20046772C /* c.jpg in Resources */,
			);
			runOnlyForDeploymentPostprocessing = 0;
		};
/* End PBXResourcesBuildPhase section */

/* Begin PBXSourcesBuildPhase section */
		9F62ED5B25A3B34B0046772C /* Sources */ = {
			isa = PBXSourcesBuildPhase;
			buildActionMask = 2147483647;
			files = (
				9F62ED7F25A3C0D10046772C /* InfoView.swift in Sources */,
				9F62ED7325A3B35D0046772C /* Model.swift in Sources */,
				9F62ED6525A3B34B0046772C /* ContentView.swift in Sources */,
				9F62ED6325A3B34B0046772C /* ShopApp.swift in Sources */,
			);
			runOnlyForDeploymentPostprocessing = 0;
		};
/* End PBXSourcesBuildPhase section */

/* Begin XCBuildConfiguration section */
		9F62ED6C25A3B34C0046772C /* Debug */ = {
			isa = XCBuildConfiguration;
			buildSettings = {
				ALWAYS_SEARCH_USER_PATHS = NO;
				CLANG_ANALYZER_NONNULL = YES;
				CLANG_ANALYZER_NUMBER_OBJECT_CONVERSION = YES_AGGRESSIVE;
				CLANG_CXX_LANGUAGE_STANDARD = "gnu++14";
				CLANG_CXX_LIBRARY = "libc++";
				CLANG_ENABLE_MODULES = YES;
				CLANG_ENABLE_OBJC_ARC = YES;
				CLANG_ENABLE_OBJC_WEAK = YES;
				CLANG_WARN_BLOCK_CAPTURE_AUTORELEASING = YES;
				CLANG_WARN_BOOL_CONVERSION = YES;
				CLANG_WARN_COMMA = YES;
				CLANG_WARN_CONSTANT_CONVERSION = YES;
				CLANG_WARN_DEPRECATED_OBJC_IMPLEMENTATIONS = YES;
				CLANG_WARN_DIRECT_OBJC_ISA_USAGE = YES_ERROR;
				CLANG_WARN_DOCUMENTATION_COMMENTS = YES;
				CLANG_WARN_EMPTY_BODY = YES;
				CLANG_WARN_ENUM_CONVERSION = YES;
				CLANG_WARN_INFINITE_RECURSION = YES;
				CLANG_WARN_INT_CONVERSION = YES;
				CLANG_WARN_NON_LITERAL_NULL_CONVERSION = YES;
				CLANG_WARN_OBJC_IMPLICIT_RETAIN_SELF = YES;
				CLANG_WARN_OBJC_LITERAL_CONVERSION = YES;
				CLANG_WARN_OBJC_ROOT_CLASS = YES_ERROR;
				CLANG_WARN_QUOTED_INCLUDE_IN_FRAMEWORK_HEADER = YES;
				CLANG_WARN_RANGE_LOOP_ANALYSIS = YES;
				CLANG_WARN_STRICT_PROTOTYPES = YES;
				CLANG_WARN_SUSPICIOUS_MOVE = YES;
				CLANG_WARN_UNGUARDED_AVAILABILITY = YES_AGGRESSIVE;
				CLANG_WARN_UNREACHABLE_CODE = YES;
				CLANG_WARN__DUPLICATE_METHOD_MATCH = YES;
				COPY_PHASE_STRIP = NO;
				DEBUG_INFORMATION_FORMAT = dwarf;
				ENABLE_STRICT_OBJC_MSGSEND = YES;
				ENABLE_TESTABILITY = YES;
				GCC_C_LANGUAGE_STANDARD = gnu11;
				GCC_DYNAMIC_NO_PIC = NO;
				GCC_NO_COMMON_BLOCKS = YES;
				GCC_OPTIMIZATION_LEVEL = 0;
				GCC_PREPROCESSOR_DEFINITIONS = (
					"DEBUG=1",
					"$(inherited)",
				);
				GCC_WARN_64_TO_32_BIT_CONVERSION = YES;
				GCC_WARN_ABOUT_RETURN_TYPE = YES_ERROR;
				GCC_WARN_UNDECLARED_SELECTOR = YES;
				GCC_WARN_UNINITIALIZED_AUTOS = YES_AGGRESSIVE;
				GCC_WARN_UNUSED_FUNCTION = YES;
				GCC_WARN_UNUSED_VARIABLE = YES;
				IPHONEOS_DEPLOYMENT_TARGET = 14.2;
				MTL_ENABLE_DEBUG_INFO = INCLUDE_SOURCE;
				MTL_FAST_MATH = YES;
				ONLY_ACTIVE_ARCH = YES;
				SDKROOT = iphoneos;
				SWIFT_ACTIVE_COMPILATION_CONDITIONS = DEBUG;
				SWIFT_OPTIMIZATION_LEVEL = "-Onone";
			};
			name = Debug;
		};
		9F62ED6D25A3B34C0046772C /* Release */ = {
			isa = XCBuildConfiguration;
			buildSettings = {
				ALWAYS_SEARCH_USER_PATHS = NO;
				CLANG_ANALYZER_NONNULL = YES;
				CLANG_ANALYZER_NUMBER_OBJECT_CONVERSION = YES_AGGRESSIVE;
				CLANG_CXX_LANGUAGE_STANDARD = "gnu++14";
				CLANG_CXX_LIBRARY = "libc++";
				CLANG_ENABLE_MODULES = YES;
				CLANG_ENABLE_OBJC_ARC = YES;
				CLANG_ENABLE_OBJC_WEAK = YES;
				CLANG_WARN_BLOCK_CAPTURE_AUTORELEASING = YES;
				CLANG_WARN_BOOL_CONVERSION = YES;
				CLANG_WARN_COMMA = YES;
				CLANG_WARN_CONSTANT_CONVERSION = YES;
				CLANG_WARN_DEPRECATED_OBJC_IMPLEMENTATIONS = YES;
				CLANG_WARN_DIRECT_OBJC_ISA_USAGE = YES_ERROR;
				CLANG_WARN_DOCUMENTATION_COMMENTS = YES;
				CLANG_WARN_EMPTY_BODY = YES;
				CLANG_WARN_ENUM_CONVERSION = YES;
				CLANG_WARN_INFINITE_RECURSION = YES;
				CLANG_WARN_INT_CONVERSION = YES;
				CLANG_WARN_NON_LITERAL_NULL_CONVERSION = YES;
				CLANG_WARN_OBJC_IMPLICIT_RETAIN_SELF = YES;
				CLANG_WARN_OBJC_LITERAL_CONVERSION = YES;
				CLANG_WARN_OBJC_ROOT_CLASS = YES_ERROR;
				CLANG_WARN_QUOTED_INCLUDE_IN_FRAMEWORK_HEADER = YES;
				CLANG_WARN_RANGE_LOOP_ANALYSIS = YES;
				CLANG_WARN_STRICT_PROTOTYPES = YES;
				CLANG_WARN_SUSPICIOUS_MOVE = YES;
				CLANG_WARN_UNGUARDED_AVAILABILITY = YES_AGGRESSIVE;
				CLANG_WARN_UNREACHABLE_CODE = YES;
				CLANG_WARN__DUPLICATE_METHOD_MATCH = YES;
				COPY_PHASE_STRIP = NO;
				DEBUG_INFORMATION_FORMAT = "dwarf-with-dsym";
				ENABLE_NS_ASSERTIONS = NO;
				ENABLE_STRICT_OBJC_MSGSEND = YES;
				GCC_C_LANGUAGE_STANDARD = gnu11;
				GCC_NO_COMMON_BLOCKS = YES;
				GCC_WARN_64_TO_32_BIT_CONVERSION = YES;
				GCC_WARN_ABOUT_RETURN_TYPE = YES_ERROR;
				GCC_WARN_UNDECLARED_SELECTOR = YES;
				GCC_WARN_UNINITIALIZED_AUTOS = YES_AGGRESSIVE;
				GCC_WARN_UNUSED_FUNCTION = YES;
				GCC_WARN_UNUSED_VARIABLE = YES;
				IPHONEOS_DEPLOYMENT_TARGET = 14.2;
				MTL_ENABLE_DEBUG_INFO = NO;
				MTL_FAST_MATH = YES;
				SDKROOT = iphoneos;
				SWIFT_COMPILATION_MODE = wholemodule;
				SWIFT_OPTIMIZATION_LEVEL = "-O";
				VALIDATE_PRODUCT = YES;
			};
			name = Release;
		};
		9F62ED6F25A3B34C0046772C /* Debug */ = {
			isa = XCBuildConfiguration;
			buildSettings = {
				ASSETCATALOG_COMPILER_APPICON_NAME = AppIcon;
				ASSETCATALOG_COMPILER_GLOBAL_ACCENT_COLOR_NAME = AccentColor;
				CODE_SIGN_STYLE = Automatic;
				DEVELOPMENT_ASSET_PATHS = "\"Shop/Preview Content\"";
				DEVELOPMENT_TEAM = W64W8UKVB6;
				ENABLE_PREVIEWS = YES;
				INFOPLIST_FILE = Shop/Info.plist;
				IPHONEOS_DEPLOYMENT_TARGET = 14.0;
				LD_RUNPATH_SEARCH_PATHS = (
					"$(inherited)",
					"@executable_path/Frameworks",
				);
				PRODUCT_BUNDLE_IDENTIFIER = sashaputsikovich.Shop;
				PRODUCT_NAME = "$(TARGET_NAME)";
				SWIFT_VERSION = 5.0;
				TARGETED_DEVICE_FAMILY = "1,2";
			};
			name = Debug;
		};
		9F62ED7025A3B34C0046772C /* Release */ = {
			isa = XCBuildConfiguration;
			buildSettings = {
				ASSETCATALOG_COMPILER_APPICON_NAME = AppIcon;
				ASSETCATALOG_COMPILER_GLOBAL_ACCENT_COLOR_NAME = AccentColor;
				CODE_SIGN_STYLE = Automatic;
				DEVELOPMENT_ASSET_PATHS = "\"Shop/Preview Content\"";
				DEVELOPMENT_TEAM = W64W8UKVB6;
				ENABLE_PREVIEWS = YES;
				INFOPLIST_FILE = Shop/Info.plist;
				IPHONEOS_DEPLOYMENT_TARGET = 14.0;
				LD_RUNPATH_SEARCH_PATHS = (
					"$(inherited)",
					"@executable_path/Frameworks",
				);
				PRODUCT_BUNDLE_IDENTIFIER = sashaputsikovich.Shop;
				PRODUCT_NAME = "$(TARGET_NAME)";
				SWIFT_VERSION = 5.0;
				TARGETED_DEVICE_FAMILY = "1,2";
			};
			name = Release;
		};
/* End XCBuildConfiguration section */

/* Begin XCConfigurationList section */
		9F62ED5A25A3B34B0046772C /* Build configuration list for PBXProject "Shop" */ = {
			isa = XCConfigurationList;
			buildConfigurations = (
				9F62ED6C25A3B34C0046772C /* Debug */,
				9F62ED6D25A3B34C0046772C /* Release */,
			);
			defaultConfigurationIsVisible = 0;
			defaultConfigurationName = Release;
		};
		9F62ED6E25A3B34C0046772C /* Build configuration list for PBXNativeTarget "Shop" */ = {
			isa = XCConfigurationList;
			buildConfigurations = (
				9F62ED6F25A3B34C0046772C /* Debug */,
				9F62ED7025A3B34C0046772C /* Release */,
			);
			defaultConfigurationIsVisible = 0;
			defaultConfigurationName = Release;
		};
/* End XCConfigurationList section */
	};
	rootObject = 9F62ED5725A3B34B0046772C /* Project object */;
}
